
Microsoft Visual Studio Solution File, Format Version 12.00
# Visual Studio Version 17
VisualStudioVersion = 17.5.33516.290
MinimumVisualStudioVersion = 10.0.40219.1
Project("{2150E333-8FDC-42A3-9474-1A3956D46DE8}") = "src", "src", "{F41DA3D8-A0E9-4A05-8A35-78313C0F5804}"
EndProject
Project("{9A19103F-16F7-4668-BE54-9A1E7A4F7556}") = "Schemio.Object", "src\Schemio.Object\Schemio.Object.csproj", "{6F017146-B95A-4081-9CC0-B0245F78D72B}"
EndProject
Project("{2150E333-8FDC-42A3-9474-1A3956D46DE8}") = "tests", "tests", "{07BAE427-96CF-4F9B-80A9-48CFB0A89CF3}"
EndProject
Project("{9A19103F-16F7-4668-BE54-9A1E7A4F7556}") = "Schemio.Object.Tests", "tests\Schemio.Object.Tests\Schemio.Object.Tests.csproj", "{FDB00281-8B65-4A17-9F1F-B97865544BEF}"
EndProject
Project("{2150E333-8FDC-42A3-9474-1A3956D46DE8}") = "solution", "solution", "{AF995FEF-BB94-48D0-B02B-6671DA73056B}"
	ProjectSection(SolutionItems) = preProject
		.gitignore = .gitignore
		.github\workflows\CI.yml = .github\workflows\CI.yml
		.github\workflows\CodeQL.yml = .github\workflows\CodeQL.yml
		GitVersion.yml = GitVersion.yml
		LICENSE.md = LICENSE.md
		README.md = README.md
	EndProjectSection
EndProject
Project("{FAE04EC0-301F-11D3-BF4B-00C04F79EFBC}") = "Schemio.Object.SQL", "src\Schemio.Object.SQL\Schemio.Object.SQL.csproj", "{1A0CB973-23C9-4A17-905E-59510CD18932}"
EndProject
Global
	GlobalSection(SolutionConfigurationPlatforms) = preSolution
		Debug|Any CPU = Debug|Any CPU
		Release|Any CPU = Release|Any CPU
	EndGlobalSection
	GlobalSection(ProjectConfigurationPlatforms) = postSolution
		{6F017146-B95A-4081-9CC0-B0245F78D72B}.Debug|Any CPU.ActiveCfg = Debug|Any CPU
		{6F017146-B95A-4081-9CC0-B0245F78D72B}.Debug|Any CPU.Build.0 = Debug|Any CPU
		{6F017146-B95A-4081-9CC0-B0245F78D72B}.Release|Any CPU.ActiveCfg = Release|Any CPU
		{6F017146-B95A-4081-9CC0-B0245F78D72B}.Release|Any CPU.Build.0 = Release|Any CPU
		{FDB00281-8B65-4A17-9F1F-B97865544BEF}.Debug|Any CPU.ActiveCfg = Debug|Any CPU
		{FDB00281-8B65-4A17-9F1F-B97865544BEF}.Debug|Any CPU.Build.0 = Debug|Any CPU
		{FDB00281-8B65-4A17-9F1F-B97865544BEF}.Release|Any CPU.ActiveCfg = Release|Any CPU
		{FDB00281-8B65-4A17-9F1F-B97865544BEF}.Release|Any CPU.Build.0 = Release|Any CPU
		{1A0CB973-23C9-4A17-905E-59510CD18932}.Debug|Any CPU.ActiveCfg = Debug|Any CPU
		{1A0CB973-23C9-4A17-905E-59510CD18932}.Debug|Any CPU.Build.0 = Debug|Any CPU
		{1A0CB973-23C9-4A17-905E-59510CD18932}.Release|Any CPU.ActiveCfg = Release|Any CPU
		{1A0CB973-23C9-4A17-905E-59510CD18932}.Release|Any CPU.Build.0 = Release|Any CPU
	EndGlobalSection
	GlobalSection(SolutionProperties) = preSolution
		HideSolutionNode = FALSE
	EndGlobalSection
	GlobalSection(NestedProjects) = preSolution
		{6F017146-B95A-4081-9CC0-B0245F78D72B} = {F41DA3D8-A0E9-4A05-8A35-78313C0F5804}
		{FDB00281-8B65-4A17-9F1F-B97865544BEF} = {07BAE427-96CF-4F9B-80A9-48CFB0A89CF3}
		{1A0CB973-23C9-4A17-905E-59510CD18932} = {F41DA3D8-A0E9-4A05-8A35-78313C0F5804}
	EndGlobalSection
	GlobalSection(ExtensibilityGlobals) = postSolution
		SolutionGuid = {C0FF62D6-1374-4939-A546-432862338528}
	EndGlobalSection
EndGlobal
